
Microsoft Visual Studio Solution File, Format Version 12.00
# Visual Studio Version 16
VisualStudioVersion = 16.0.30330.147
MinimumVisualStudioVersion = 10.0.40219.1
Project("{FAE04EC0-301F-11D3-BF4B-00C04F79EFBC}") = "Clase1", "Clase1\Clase1.csproj", "{7DFE7FB8-4BF2-4E1A-A1F5-2530544C599E}"
EndProject
Global
	GlobalSection(SolutionConfigurationPlatforms) = preSolution
		Debug|Any CPU = Debug|Any CPU
		Release|Any CPU = Release|Any CPU
	EndGlobalSection
	GlobalSection(ProjectConfigurationPlatforms) = postSolution
		{7DFE7FB8-4BF2-4E1A-A1F5-2530544C599E}.Debug|Any CPU.ActiveCfg = Debug|Any CPU
		{7DFE7FB8-4BF2-4E1A-A1F5-2530544C599E}.Debug|Any CPU.Build.0 = Debug|Any CPU
		{7DFE7FB8-4BF2-4E1A-A1F5-2530544C599E}.Release|Any CPU.ActiveCfg = Release|Any CPU
		{7DFE7FB8-4BF2-4E1A-A1F5-2530544C599E}.Release|Any CPU.Build.0 = Release|Any CPU
	EndGlobalSection
	GlobalSection(SolutionProperties) = preSolution
		HideSolutionNode = FALSE
	EndGlobalSection
	GlobalSection(ExtensibilityGlobals) = postSolution
		SolutionGuid = {91C24AD6-F132-460D-B2D5-3EC79108191B}
	EndGlobalSection
EndGlobal
